<?xml version="1.0" encoding="utf-8"?>
<Project ToolsVersion="4.0" xmlns="http://schemas.microsoft.com/developer/msbuild/2003">
  <ItemGroup>
    <Filter Include="Common">
      <UniqueIdentifier>e760ba08-7842-41a8-908f-e1baa463dd27</UniqueIdentifier>
    </Filter>
    <Filter Include="Assets">
      <UniqueIdentifier>c83c4a04-034f-4e14-892e-e491d2cbc76d</UniqueIdentifier>
    </Filter>
    <Page Include="Common\StandardStyles.xaml">
      <Filter>Common</Filter>
    </Page>
    <Image Include="Assets\Logo.png">
      <Filter>Assets</Filter>
    </Image>
    <Image Include="Assets\SmallLogo.png">
      <Filter>Assets</Filter>
    </Image>
    <Image Include="Assets\StoreLogo.png">
      <Filter>Assets</Filter>
    </Image>
    <Image Include="Assets\SplashScreen.png">
      <Filter>Assets</Filter>
    </Image>
  </ItemGroup>
  <ItemGroup>
    <ApplicationDefinition Include="App.xaml" />
  </ItemGroup>
  <ItemGroup>
    <ClCompile Include="App.xaml.cpp" />
    <ClCompile Include="MainPage.xaml.cpp" />
    <ClCompile Include="pch.cpp" />
    <ClCompile Include="..\..\..\..\..\..\John O%27Hollaren\Documents\GitHub\woblight\woblight\woblight\WASAPICapture.cpp" />
    <ClCompile Include="..\..\..\..\..\..\John O%27Hollaren\Documents\GitHub\woblight\woblight\woblight\ToneSampleGenerator.cpp" />
    <ClCompile Include="..\..\..\..\..\..\John O%27Hollaren\Documents\GitHub\woblight\woblight\woblight\Common\LayoutAwarePage.cpp">
      <Filter>Common</Filter>
    </ClCompile>
    <ClCompile Include="..\..\..\..\..\..\John O%27Hollaren\Documents\GitHub\woblight\woblight\woblight\Common\suspensionmanager.cpp">
      <Filter>Common</Filter>
    </ClCompile>
  </ItemGroup>
  <ItemGroup>
    <ClInclude Include="pch.h" />
    <ClInclude Include="App.xaml.h" />
    <ClInclude Include="MainPage.xaml.h" />
    <ClInclude Include="..\..\..\..\..\..\John O%27Hollaren\Documents\GitHub\woblight\woblight\woblight\Common\LayoutAwarePage.h" />
    <ClInclude Include="..\..\..\..\..\..\John O%27Hollaren\Documents\GitHub\woblight\woblight\woblight\Constants.h" />
    <ClInclude Include="..\..\..\..\..\..\John O%27Hollaren\Documents\GitHub\woblight\woblight\woblight\WASAPICapture.h" />
    <ClInclude Include="..\..\..\..\..\..\John O%27Hollaren\Documents\GitHub\woblight\woblight\woblight\ToneSampleGenerator.h" />
    <ClInclude Include="..\..\..\..\..\..\John O%27Hollaren\Documents\GitHub\woblight\woblight\woblight\PlotData.h" />
    <ClInclude Include="..\..\..\..\..\..\John O%27Hollaren\Documents\GitHub\woblight\woblight\woblight\MFSampleGenerator.h" />
    <ClInclude Include="..\..\..\..\..\..\John O%27Hollaren\Documents\GitHub\woblight\woblight\woblight\DeviceState.h" />
    <ClInclude Include="..\..\..\..\..\..\John O%27Hollaren\Documents\GitHub\woblight\woblight\woblight\Common.h" />
    <ClInclude Include="..\..\..\..\..\..\John O%27Hollaren\Documents\GitHub\woblight\woblight\woblight\Common\suspensionmanager.h">
      <Filter>Common</Filter>
    </ClInclude>
  </ItemGroup>
  <ItemGroup>
    <AppxManifest Include="Package.appxmanifest" />
  </ItemGroup>
  <ItemGroup>
    <None Include="woblight_TemporaryKey.pfx" />
  </ItemGroup>
  <ItemGroup>
    <Page Include="MainPage.xaml" />
  </ItemGroup>
  <ItemGroup>
    <Image Include="..\..\..\..\..\..\John O%27Hollaren\Documents\GitHub\woblight\woblight\woblight\woblight.png">
      <Filter>Assets</Filter>
    </Image>
  </ItemGroup>
</Project>